dependencies:
- name: auth
  repository: https://raw.githubusercontent.com/fabiogomezdiaz/refarch-cloudnative-kubernetes/master/charts
  version: 0.6.0
- name: catalog
  repository: https://raw.githubusercontent.com/fabiogomezdiaz/refarch-cloudnative-kubernetes/master/charts
  version: 0.6.0
- name: customer
  repository: https://raw.githubusercontent.com/fabiogomezdiaz/refarch-cloudnative-kubernetes/master/charts
  version: 0.6.0
- name: inventory
  repository: https://raw.githubusercontent.com/fabiogomezdiaz/refarch-cloudnative-kubernetes/master/charts
  version: 0.6.0
- name: orders
  repository: https://raw.githubusercontent.com/fabiogomezdiaz/refarch-cloudnative-kubernetes/master/charts
  version: 0.6.0
- name: web
  repository: https://raw.githubusercontent.com/fabiogomezdiaz/refarch-cloudnative-kubernetes/master/charts
  version: 0.6.0
- name: mysql
  repository: https://kubernetes-charts.storage.googleapis.com
  version: 0.15.0
- name: elasticsearch
  repository: https://kubernetes-charts.storage.googleapis.com
  version: 1.21.1
- name: mariadb
  repository: https://kubernetes-charts.storage.googleapis.com
  version: 5.5.3
- name: couchdb
  repository: https://raw.githubusercontent.com/fabiogomezdiaz/refarch-cloudnative-kubernetes/master/charts
  version: 1.1.1
digest: sha256:47fed3aeb35b6a03275a44b70d6ec6c073afd8137594127befbc35607b396c25
generated: "2019-09-24T13:13:17.271163-05:00"
